// !$*UTF8*$!
{
	archiveVersion = 1;
	classes = {
	};
	objectVersion = 50;
	objects = {

/* Begin PBXBuildFile section */
		D013BC2524F74ABE004F7E88 /* AppDelegate.swift in Sources */ = {isa = PBXBuildFile; fileRef = D013BC2424F74ABE004F7E88 /* AppDelegate.swift */; };
		D013BC2724F74ABE004F7E88 /* SceneDelegate.swift in Sources */ = {isa = PBXBuildFile; fileRef = D013BC2624F74ABE004F7E88 /* SceneDelegate.swift */; };
		D013BC2924F74ABE004F7E88 /* ViewController.swift in Sources */ = {isa = PBXBuildFile; fileRef = D013BC2824F74ABE004F7E88 /* ViewController.swift */; };
		D013BC2C24F74ABE004F7E88 /* Main.storyboard in Resources */ = {isa = PBXBuildFile; fileRef = D013BC2A24F74ABE004F7E88 /* Main.storyboard */; };
		D013BC2E24F74ABE004F7E88 /* Assets.xcassets in Resources */ = {isa = PBXBuildFile; fileRef = D013BC2D24F74ABE004F7E88 /* Assets.xcassets */; };
		D013BC3124F74ABE004F7E88 /* LaunchScreen.storyboard in Resources */ = {isa = PBXBuildFile; fileRef = D013BC2F24F74ABE004F7E88 /* LaunchScreen.storyboard */; };
		D013BC3C24F74ABE004F7E88 /* SwiftUIInVCTests.swift in Sources */ = {isa = PBXBuildFile; fileRef = D013BC3B24F74ABE004F7E88 /* SwiftUIInVCTests.swift */; };
		D013BC4724F74ABF004F7E88 /* SwiftUIInVCUITests.swift in Sources */ = {isa = PBXBuildFile; fileRef = D013BC4624F74ABF004F7E88 /* SwiftUIInVCUITests.swift */; };
		D013BC5524F74ECE004F7E88 /* CustomView.swift in Sources */ = {isa = PBXBuildFile; fileRef = D013BC5424F74ECE004F7E88 /* CustomView.swift */; };
		D0AD543424F7BC3500FBF030 /* TransparentViewController.swift in Sources */ = {isa = PBXBuildFile; fileRef = D0AD543324F7BC3500FBF030 /* TransparentViewController.swift */; };
/* End PBXBuildFile section */

/* Begin PBXContainerItemProxy section */
		D013BC3824F74ABE004F7E88 /* PBXContainerItemProxy */ = {
			isa = PBXContainerItemProxy;
			containerPortal = D013BC1924F74ABE004F7E88 /* Project object */;
			proxyType = 1;
			remoteGlobalIDString = D013BC2024F74ABE004F7E88;
			remoteInfo = SwiftUIInVC;
		};
		D013BC4324F74ABF004F7E88 /* PBXContainerItemProxy */ = {
			isa = PBXContainerItemProxy;
			containerPortal = D013BC1924F74ABE004F7E88 /* Project object */;
			proxyType = 1;
			remoteGlobalIDString = D013BC2024F74ABE004F7E88;
			remoteInfo = SwiftUIInVC;
		};
/* End PBXContainerItemProxy section */

/* Begin PBXFileReference section */
		D013BC2124F74ABE004F7E88 /* SwiftUIInVC.app */ = {isa = PBXFileReference; explicitFileType = wrapper.application; includeInIndex = 0; path = SwiftUIInVC.app; sourceTree = BUILT_PRODUCTS_DIR; };
		D013BC2424F74ABE004F7E88 /* AppDelegate.swift */ = {isa = PBXFileReference; lastKnownFileType = sourcecode.swift; path = AppDelegate.swift; sourceTree = "<group>"; };
		D013BC2624F74ABE004F7E88 /* SceneDelegate.swift */ = {isa = PBXFileReference; lastKnownFileType = sourcecode.swift; path = SceneDelegate.swift; sourceTree = "<group>"; };
		D013BC2824F74ABE004F7E88 /* ViewController.swift */ = {isa = PBXFileReference; lastKnownFileType = sourcecode.swift; path = ViewController.swift; sourceTree = "<group>"; };
		D013BC2B24F74ABE004F7E88 /* Base */ = {isa = PBXFileReference; lastKnownFileType = file.storyboard; name = Base; path = Base.lproj/Main.storyboard; sourceTree = "<group>"; };
		D013BC2D24F74ABE004F7E88 /* Assets.xcassets */ = {isa = PBXFileReference; lastKnownFileType = folder.assetcatalog; path = Assets.xcassets; sourceTree = "<group>"; };
		D013BC3024F74ABE004F7E88 /* Base */ = {isa = PBXFileReference; lastKnownFileType = file.storyboard; name = Base; path = Base.lproj/LaunchScreen.storyboard; sourceTree = "<group>"; };
		D013BC3224F74ABE004F7E88 /* Info.plist */ = {isa = PBXFileReference; lastKnownFileType = text.plist.xml; path = Info.plist; sourceTree = "<group>"; };
		D013BC3724F74ABE004F7E88 /* SwiftUIInVCTests.xctest */ = {isa = PBXFileReference; explicitFileType = wrapper.cfbundle; includeInIndex = 0; path = SwiftUIInVCTests.xctest; sourceTree = BUILT_PRODUCTS_DIR; };
		D013BC3B24F74ABE004F7E88 /* SwiftUIInVCTests.swift */ = {isa = PBXFileReference; lastKnownFileType = sourcecode.swift; path = SwiftUIInVCTests.swift; sourceTree = "<group>"; };
		D013BC3D24F74ABE004F7E88 /* Info.plist */ = {isa = PBXFileReference; lastKnownFileType = text.plist.xml; path = Info.plist; sourceTree = "<group>"; };
		D013BC4224F74ABF004F7E88 /* SwiftUIInVCUITests.xctest */ = {isa = PBXFileReference; explicitFileType = wrapper.cfbundle; includeInIndex = 0; path = SwiftUIInVCUITests.xctest; sourceTree = BUILT_PRODUCTS_DIR; };
		D013BC4624F74ABF004F7E88 /* SwiftUIInVCUITests.swift */ = {isa = PBXFileReference; lastKnownFileType = sourcecode.swift; path = SwiftUIInVCUITests.swift; sourceTree = "<group>"; };
		D013BC4824F74ABF004F7E88 /* Info.plist */ = {isa = PBXFileReference; lastKnownFileType = text.plist.xml; path = Info.plist; sourceTree = "<group>"; };
		D013BC5424F74ECE004F7E88 /* CustomView.swift */ = {isa = PBXFileReference; lastKnownFileType = sourcecode.swift; path = CustomView.swift; sourceTree = "<group>"; };
		D0AD543324F7BC3500FBF030 /* TransparentViewController.swift */ = {isa = PBXFileReference; lastKnownFileType = sourcecode.swift; path = TransparentViewController.swift; sourceTree = "<group>"; };
/* End PBXFileReference section */

/* Begin PBXFrameworksBuildPhase section */
		D013BC1E24F74ABE004F7E88 /* Frameworks */ = {
			isa = PBXFrameworksBuildPhase;
			buildActionMask = 2147483647;
			files = (
			);
			runOnlyForDeploymentPostprocessing = 0;
		};
		D013BC3424F74ABE004F7E88 /* Frameworks */ = {
			isa = PBXFrameworksBuildPhase;
			buildActionMask = 2147483647;
			files = (
			);
			runOnlyForDeploymentPostprocessing = 0;
		};
		D013BC3F24F74ABF004F7E88 /* Frameworks */ = {
			isa = PBXFrameworksBuildPhase;
			buildActionMask = 2147483647;
			files = (
			);
			runOnlyForDeploymentPostprocessing = 0;
		};
/* End PBXFrameworksBuildPhase section */

/* Begin PBXGroup section */
		D013BC1824F74ABE004F7E88 = {
			isa = PBXGroup;
			children = (
				D013BC2324F74ABE004F7E88 /* SwiftUIInVC */,
				D013BC3A24F74ABE004F7E88 /* SwiftUIInVCTests */,
				D013BC4524F74ABF004F7E88 /* SwiftUIInVCUITests */,
				D013BC2224F74ABE004F7E88 /* Products */,
			);
			sourceTree = "<group>";
		};
		D013BC2224F74ABE004F7E88 /* Products */ = {
			isa = PBXGroup;
			children = (
				D013BC2124F74ABE004F7E88 /* SwiftUIInVC.app */,
				D013BC3724F74ABE004F7E88 /* SwiftUIInVCTests.xctest */,
				D013BC4224F74ABF004F7E88 /* SwiftUIInVCUITests.xctest */,
			);
			name = Products;
			sourceTree = "<group>";
		};
		D013BC2324F74ABE004F7E88 /* SwiftUIInVC */ = {
			isa = PBXGroup;
			children = (
				D013BC2424F74ABE004F7E88 /* AppDelegate.swift */,
				D013BC2624F74ABE004F7E88 /* SceneDelegate.swift */,
				D013BC2824F74ABE004F7E88 /* ViewController.swift */,
				D013BC5424F74ECE004F7E88 /* CustomView.swift */,
				D013BC2A24F74ABE004F7E88 /* Main.storyboard */,
				D0AD543324F7BC3500FBF030 /* TransparentViewController.swift */,
				D013BC2D24F74ABE004F7E88 /* Assets.xcassets */,
				D013BC2F24F74ABE004F7E88 /* LaunchScreen.storyboard */,
				D013BC3224F74ABE004F7E88 /* Info.plist */,
			);
			path = SwiftUIInVC;
			sourceTree = "<group>";
		};
		D013BC3A24F74ABE004F7E88 /* SwiftUIInVCTests */ = {
			isa = PBXGroup;
			children = (
				D013BC3B24F74ABE004F7E88 /* SwiftUIInVCTests.swift */,
				D013BC3D24F74ABE004F7E88 /* Info.plist */,
			);
			path = SwiftUIInVCTests;
			sourceTree = "<group>";
		};
		D013BC4524F74ABF004F7E88 /* SwiftUIInVCUITests */ = {
			isa = PBXGroup;
			children = (
				D013BC4624F74ABF004F7E88 /* SwiftUIInVCUITests.swift */,
				D013BC4824F74ABF004F7E88 /* Info.plist */,
			);
			path = SwiftUIInVCUITests;
			sourceTree = "<group>";
		};
/* End PBXGroup section */

/* Begin PBXNativeTarget section */
		D013BC2024F74ABE004F7E88 /* SwiftUIInVC */ = {
			isa = PBXNativeTarget;
			buildConfigurationList = D013BC4B24F74ABF004F7E88 /* Build configuration list for PBXNativeTarget "SwiftUIInVC" */;
			buildPhases = (
				D013BC1D24F74ABE004F7E88 /* Sources */,
				D013BC1E24F74ABE004F7E88 /* Frameworks */,
				D013BC1F24F74ABE004F7E88 /* Resources */,
			);
			buildRules = (
			);
			dependencies = (
			);
			name = SwiftUIInVC;
			productName = SwiftUIInVC;
			productReference = D013BC2124F74ABE004F7E88 /* SwiftUIInVC.app */;
			productType = "com.apple.product-type.application";
		};
		D013BC3624F74ABE004F7E88 /* SwiftUIInVCTests */ = {
			isa = PBXNativeTarget;
			buildConfigurationList = D013BC4E24F74ABF004F7E88 /* Build configuration list for PBXNativeTarget "SwiftUIInVCTests" */;
			buildPhases = (
				D013BC3324F74ABE004F7E88 /* Sources */,
				D013BC3424F74ABE004F7E88 /* Frameworks */,
				D013BC3524F74ABE004F7E88 /* Resources */,
			);
			buildRules = (
			);
			dependencies = (
				D013BC3924F74ABE004F7E88 /* PBXTargetDependency */,
			);
			name = SwiftUIInVCTests;
			productName = SwiftUIInVCTests;
			productReference = D013BC3724F74ABE004F7E88 /* SwiftUIInVCTests.xctest */;
			productType = "com.apple.product-type.bundle.unit-test";
		};
		D013BC4124F74ABF004F7E88 /* SwiftUIInVCUITests */ = {
			isa = PBXNativeTarget;
			buildConfigurationList = D013BC5124F74ABF004F7E88 /* Build configuration list for PBXNativeTarget "SwiftUIInVCUITests" */;
			buildPhases = (
				D013BC3E24F74ABF004F7E88 /* Sources */,
				D013BC3F24F74ABF004F7E88 /* Frameworks */,
				D013BC4024F74ABF004F7E88 /* Resources */,
			);
			buildRules = (
			);
			dependencies = (
				D013BC4424F74ABF004F7E88 /* PBXTargetDependency */,
			);
			name = SwiftUIInVCUITests;
			productName = SwiftUIInVCUITests;
			productReference = D013BC4224F74ABF004F7E88 /* SwiftUIInVCUITests.xctest */;
			productType = "com.apple.product-type.bundle.ui-testing";
		};
/* End PBXNativeTarget section */

/* Begin PBXProject section */
		D013BC1924F74ABE004F7E88 /* Project object */ = {
			isa = PBXProject;
			attributes = {
				LastSwiftUpdateCheck = 1200;
				LastUpgradeCheck = 1200;
				TargetAttributes = {
					D013BC2024F74ABE004F7E88 = {
						CreatedOnToolsVersion = 12.0;
					};
					D013BC3624F74ABE004F7E88 = {
						CreatedOnToolsVersion = 12.0;
						TestTargetID = D013BC2024F74ABE004F7E88;
					};
					D013BC4124F74ABF004F7E88 = {
						CreatedOnToolsVersion = 12.0;
						TestTargetID = D013BC2024F74ABE004F7E88;
					};
				};
			};
			buildConfigurationList = D013BC1C24F74ABE004F7E88 /* Build configuration list for PBXProject "SwiftUIInVC" */;
			compatibilityVersion = "Xcode 9.3";
			developmentRegion = en;
			hasScannedForEncodings = 0;
			knownRegions = (
				en,
				Base,
			);
			mainGroup = D013BC1824F74ABE004F7E88;
			productRefGroup = D013BC2224F74ABE004F7E88 /* Products */;
			projectDirPath = "";
			projectRoot = "";
			targets = (
				D013BC2024F74ABE004F7E88 /* SwiftUIInVC */,
				D013BC3624F74ABE004F7E88 /* SwiftUIInVCTests */,
				D013BC4124F74ABF004F7E88 /* SwiftUIInVCUITests */,
			);
		};
/* End PBXProject section */

/* Begin PBXResourcesBuildPhase section */
		D013BC1F24F74ABE004F7E88 /* Resources */ = {
			isa = PBXResourcesBuildPhase;
			buildActionMask = 2147483647;
			files = (
				D013BC3124F74ABE004F7E88 /* LaunchScreen.storyboard in Resources */,
				D013BC2E24F74ABE004F7E88 /* Assets.xcassets in Resources */,
				D013BC2C24F74ABE004F7E88 /* Main.storyboard in Resources */,
			);
			runOnlyForDeploymentPostprocessing = 0;
		};
		D013BC3524F74ABE004F7E88 /* Resources */ = {
			isa = PBXResourcesBuildPhase;
			buildActionMask = 2147483647;
			files = (
			);
			runOnlyForDeploymentPostprocessing = 0;
		};
		D013BC4024F74ABF004F7E88 /* Resources */ = {
			isa = PBXResourcesBuildPhase;
			buildActionMask = 2147483647;
			files = (
			);
			runOnlyForDeploymentPostprocessing = 0;
		};
/* End PBXResourcesBuildPhase section */

/* Begin PBXSourcesBuildPhase section */
		D013BC1D24F74ABE004F7E88 /* Sources */ = {
			isa = PBXSourcesBuildPhase;
			buildActionMask = 2147483647;
			files = (
				D013BC2924F74ABE004F7E88 /* ViewController.swift in Sources */,
				D0AD543424F7BC3500FBF030 /* TransparentViewController.swift in Sources */,
				D013BC5524F74ECE004F7E88 /* CustomView.swift in Sources */,
				D013BC2524F74ABE004F7E88 /* AppDelegate.swift in Sources */,
				D013BC2724F74ABE004F7E88 /* SceneDelegate.swift in Sources */,
			);
			runOnlyForDeploymentPostprocessing = 0;
		};
		D013BC3324F74ABE004F7E88 /* Sources */ = {
			isa = PBXSourcesBuildPhase;
			buildActionMask = 2147483647;
			files = (
				D013BC3C24F74ABE004F7E88 /* SwiftUIInVCTests.swift in Sources */,
			);
			runOnlyForDeploymentPostprocessing = 0;
		};
		D013BC3E24F74ABF004F7E88 /* Sources */ = {
			isa = PBXSourcesBuildPhase;
			buildActionMask = 2147483647;
			files = (
				D013BC4724F74ABF004F7E88 /* SwiftUIInVCUITests.swift in Sources */,
			);
			runOnlyForDeploymentPostprocessing = 0;
		};
/* End PBXSourcesBuildPhase section */

/* Begin PBXTargetDependency section */
		D013BC3924F74ABE004F7E88 /* PBXTargetDependency */ = {
			isa = PBXTargetDependency;
			target = D013BC2024F74ABE004F7E88 /* SwiftUIInVC */;
			targetProxy = D013BC3824F74ABE004F7E88 /* PBXContainerItemProxy */;
		};
		D013BC4424F74ABF004F7E88 /* PBXTargetDependency */ = {
			isa = PBXTargetDependency;
			target = D013BC2024F74ABE004F7E88 /* SwiftUIInVC */;
			targetProxy = D013BC4324F74ABF004F7E88 /* PBXContainerItemProxy */;
		};
/* End PBXTargetDependency section */

/* Begin PBXVariantGroup section */
		D013BC2A24F74ABE004F7E88 /* Main.storyboard */ = {
			isa = PBXVariantGroup;
			children = (
				D013BC2B24F74ABE004F7E88 /* Base */,
			);
			name = Main.storyboard;
			sourceTree = "<group>";
		};
		D013BC2F24F74ABE004F7E88 /* LaunchScreen.storyboard */ = {
			isa = PBXVariantGroup;
			children = (
				D013BC3024F74ABE004F7E88 /* Base */,
			);
			name = LaunchScreen.storyboard;
			sourceTree = "<group>";
		};
/* End PBXVariantGroup section */

/* Begin XCBuildConfiguration section */
		D013BC4924F74ABF004F7E88 /* Debug */ = {
			isa = XCBuildConfiguration;
			buildSettings = {
				ALWAYS_SEARCH_USER_PATHS = NO;
				CLANG_ANALYZER_NONNULL = YES;
				CLANG_ANALYZER_NUMBER_OBJECT_CONVERSION = YES_AGGRESSIVE;
				CLANG_CXX_LANGUAGE_STANDARD = "gnu++14";
				CLANG_CXX_LIBRARY = "libc++";
				CLANG_ENABLE_MODULES = YES;
				CLANG_ENABLE_OBJC_ARC = YES;
				CLANG_ENABLE_OBJC_WEAK = YES;
				CLANG_WARN_BLOCK_CAPTURE_AUTORELEASING = YES;
				CLANG_WARN_BOOL_CONVERSION = YES;
				CLANG_WARN_COMMA = YES;
				CLANG_WARN_CONSTANT_CONVERSION = YES;
				CLANG_WARN_DEPRECATED_OBJC_IMPLEMENTATIONS = YES;
				CLANG_WARN_DIRECT_OBJC_ISA_USAGE = YES_ERROR;
				CLANG_WARN_DOCUMENTATION_COMMENTS = YES;
				CLANG_WARN_EMPTY_BODY = YES;
				CLANG_WARN_ENUM_CONVERSION = YES;
				CLANG_WARN_INFINITE_RECURSION = YES;
				CLANG_WARN_INT_CONVERSION = YES;
				CLANG_WARN_NON_LITERAL_NULL_CONVERSION = YES;
				CLANG_WARN_OBJC_IMPLICIT_RETAIN_SELF = YES;
				CLANG_WARN_OBJC_LITERAL_CONVERSION = YES;
				CLANG_WARN_OBJC_ROOT_CLASS = YES_ERROR;
				CLANG_WARN_QUOTED_INCLUDE_IN_FRAMEWORK_HEADER = YES;
				CLANG_WARN_RANGE_LOOP_ANALYSIS = YES;
				CLANG_WARN_STRICT_PROTOTYPES = YES;
				CLANG_WARN_SUSPICIOUS_MOVE = YES;
				CLANG_WARN_UNGUARDED_AVAILABILITY = YES_AGGRESSIVE;
				CLANG_WARN_UNREACHABLE_CODE = YES;
				CLANG_WARN__DUPLICATE_METHOD_MATCH = YES;
				COPY_PHASE_STRIP = NO;
				DEBUG_INFORMATION_FORMAT = dwarf;
				ENABLE_STRICT_OBJC_MSGSEND = YES;
				ENABLE_TESTABILITY = YES;
				GCC_C_LANGUAGE_STANDARD = gnu11;
				GCC_DYNAMIC_NO_PIC = NO;
				GCC_NO_COMMON_BLOCKS = YES;
				GCC_OPTIMIZATION_LEVEL = 0;
				GCC_PREPROCESSOR_DEFINITIONS = (
					"DEBUG=1",
					"$(inherited)",
				);
				GCC_WARN_64_TO_32_BIT_CONVERSION = YES;
				GCC_WARN_ABOUT_RETURN_TYPE = YES_ERROR;
				GCC_WARN_UNDECLARED_SELECTOR = YES;
				GCC_WARN_UNINITIALIZED_AUTOS = YES_AGGRESSIVE;
				GCC_WARN_UNUSED_FUNCTION = YES;
				GCC_WARN_UNUSED_VARIABLE = YES;
				IPHONEOS_DEPLOYMENT_TARGET = 14.0;
				MTL_ENABLE_DEBUG_INFO = INCLUDE_SOURCE;
				MTL_FAST_MATH = YES;
				ONLY_ACTIVE_ARCH = YES;
				SDKROOT = iphoneos;
				SWIFT_ACTIVE_COMPILATION_CONDITIONS = DEBUG;
				SWIFT_OPTIMIZATION_LEVEL = "-Onone";
			};
			name = Debug;
		};
		D013BC4A24F74ABF004F7E88 /* Release */ = {
			isa = XCBuildConfiguration;
			buildSettings = {
				ALWAYS_SEARCH_USER_PATHS = NO;
				CLANG_ANALYZER_NONNULL = YES;
				CLANG_ANALYZER_NUMBER_OBJECT_CONVERSION = YES_AGGRESSIVE;
				CLANG_CXX_LANGUAGE_STANDARD = "gnu++14";
				CLANG_CXX_LIBRARY = "libc++";
				CLANG_ENABLE_MODULES = YES;
				CLANG_ENABLE_OBJC_ARC = YES;
				CLANG_ENABLE_OBJC_WEAK = YES;
				CLANG_WARN_BLOCK_CAPTURE_AUTORELEASING = YES;
				CLANG_WARN_BOOL_CONVERSION = YES;
				CLANG_WARN_COMMA = YES;
				CLANG_WARN_CONSTANT_CONVERSION = YES;
				CLANG_WARN_DEPRECATED_OBJC_IMPLEMENTATIONS = YES;
				CLANG_WARN_DIRECT_OBJC_ISA_USAGE = YES_ERROR;
				CLANG_WARN_DOCUMENTATION_COMMENTS = YES;
				CLANG_WARN_EMPTY_BODY = YES;
				CLANG_WARN_ENUM_CONVERSION = YES;
				CLANG_WARN_INFINITE_RECURSION = YES;
				CLANG_WARN_INT_CONVERSION = YES;
				CLANG_WARN_NON_LITERAL_NULL_CONVERSION = YES;
				CLANG_WARN_OBJC_IMPLICIT_RETAIN_SELF = YES;
				CLANG_WARN_OBJC_LITERAL_CONVERSION = YES;
				CLANG_WARN_OBJC_ROOT_CLASS = YES_ERROR;
				CLANG_WARN_QUOTED_INCLUDE_IN_FRAMEWORK_HEADER = YES;
				CLANG_WARN_RANGE_LOOP_ANALYSIS = YES;
				CLANG_WARN_STRICT_PROTOTYPES = YES;
				CLANG_WARN_SUSPICIOUS_MOVE = YES;
				CLANG_WARN_UNGUARDED_AVAILABILITY = YES_AGGRESSIVE;
				CLANG_WARN_UNREACHABLE_CODE = YES;
				CLANG_WARN__DUPLICATE_METHOD_MATCH = YES;
				COPY_PHASE_STRIP = NO;
				DEBUG_INFORMATION_FORMAT = "dwarf-with-dsym";
				ENABLE_NS_ASSERTIONS = NO;
				ENABLE_STRICT_OBJC_MSGSEND = YES;
				GCC_C_LANGUAGE_STANDARD = gnu11;
				GCC_NO_COMMON_BLOCKS = YES;
				GCC_WARN_64_TO_32_BIT_CONVERSION = YES;
				GCC_WARN_ABOUT_RETURN_TYPE = YES_ERROR;
				GCC_WARN_UNDECLARED_SELECTOR = YES;
				GCC_WARN_UNINITIALIZED_AUTOS = YES_AGGRESSIVE;
				GCC_WARN_UNUSED_FUNCTION = YES;
				GCC_WARN_UNUSED_VARIABLE = YES;
				IPHONEOS_DEPLOYMENT_TARGET = 14.0;
				MTL_ENABLE_DEBUG_INFO = NO;
				MTL_FAST_MATH = YES;
				SDKROOT = iphoneos;
				SWIFT_COMPILATION_MODE = wholemodule;
				SWIFT_OPTIMIZATION_LEVEL = "-O";
				VALIDATE_PRODUCT = YES;
			};
			name = Release;
		};
		D013BC4C24F74ABF004F7E88 /* Debug */ = {
			isa = XCBuildConfiguration;
			buildSettings = {
				ASSETCATALOG_COMPILER_APPICON_NAME = AppIcon;
				ASSETCATALOG_COMPILER_GLOBAL_ACCENT_COLOR_NAME = AccentColor;
				CODE_SIGN_STYLE = Automatic;
				INFOPLIST_FILE = SwiftUIInVC/Info.plist;
				LD_RUNPATH_SEARCH_PATHS = (
					"$(inherited)",
					"@executable_path/Frameworks",
				);
				PRODUCT_BUNDLE_IDENTIFIER = co.justintimes.SwiftUIInVC;
				PRODUCT_NAME = "$(TARGET_NAME)";
				SWIFT_VERSION = 5.0;
				TARGETED_DEVICE_FAMILY = 1;
			};
			name = Debug;
		};
		D013BC4D24F74ABF004F7E88 /* Release */ = {
			isa = XCBuildConfiguration;
			buildSettings = {
				ASSETCATALOG_COMPILER_APPICON_NAME = AppIcon;
				ASSETCATALOG_COMPILER_GLOBAL_ACCENT_COLOR_NAME = AccentColor;
				CODE_SIGN_STYLE = Automatic;
				INFOPLIST_FILE = SwiftUIInVC/Info.plist;
				LD_RUNPATH_SEARCH_PATHS = (
					"$(inherited)",
					"@executable_path/Frameworks",
				);
				PRODUCT_BUNDLE_IDENTIFIER = co.justintimes.SwiftUIInVC;
				PRODUCT_NAME = "$(TARGET_NAME)";
				SWIFT_VERSION = 5.0;
				TARGETED_DEVICE_FAMILY = 1;
			};
			name = Release;
		};
		D013BC4F24F74ABF004F7E88 /* Debug */ = {
			isa = XCBuildConfiguration;
			buildSettings = {
				ALWAYS_EMBED_SWIFT_STANDARD_LIBRARIES = YES;
				BUNDLE_LOADER = "$(TEST_HOST)";
				CODE_SIGN_STYLE = Automatic;
				INFOPLIST_FILE = SwiftUIInVCTests/Info.plist;
				IPHONEOS_DEPLOYMENT_TARGET = 14.0;
				LD_RUNPATH_SEARCH_PATHS = (
					"$(inherited)",
					"@executable_path/Frameworks",
					"@loader_path/Frameworks",
				);
				PRODUCT_BUNDLE_IDENTIFIER = co.justintimes.SwiftUIInVCTests;
				PRODUCT_NAME = "$(TARGET_NAME)";
				SWIFT_VERSION = 5.0;
				TARGETED_DEVICE_FAMILY = "1,2";
				TEST_HOST = "$(BUILT_PRODUCTS_DIR)/SwiftUIInVC.app/SwiftUIInVC";
			};
			name = Debug;
		};
		D013BC5024F74ABF004F7E88 /* Release */ = {
			isa = XCBuildConfiguration;
			buildSettings = {
				ALWAYS_EMBED_SWIFT_STANDARD_LIBRARIES = YES;
				BUNDLE_LOADER = "$(TEST_HOST)";
				CODE_SIGN_STYLE = Automatic;
				INFOPLIST_FILE = SwiftUIInVCTests/Info.plist;
				IPHONEOS_DEPLOYMENT_TARGET = 14.0;
				LD_RUNPATH_SEARCH_PATHS = (
					"$(inherited)",
					"@executable_path/Frameworks",
					"@loader_path/Frameworks",
				);
				PRODUCT_BUNDLE_IDENTIFIER = co.justintimes.SwiftUIInVCTests;
				PRODUCT_NAME = "$(TARGET_NAME)";
				SWIFT_VERSION = 5.0;
				TARGETED_DEVICE_FAMILY = "1,2";
				TEST_HOST = "$(BUILT_PRODUCTS_DIR)/SwiftUIInVC.app/SwiftUIInVC";
			};
			name = Release;
		};
		D013BC5224F74ABF004F7E88 /* Debug */ = {
			isa = XCBuildConfiguration;
			buildSettings = {
				ALWAYS_EMBED_SWIFT_STANDARD_LIBRARIES = YES;
				CODE_SIGN_STYLE = Automatic;
				INFOPLIST_FILE = SwiftUIInVCUITests/Info.plist;
				LD_RUNPATH_SEARCH_PATHS = (
					"$(inherited)",
					"@executable_path/Frameworks",
					"@loader_path/Frameworks",
				);
				PRODUCT_BUNDLE_IDENTIFIER = co.justintimes.SwiftUIInVCUITests;
				PRODUCT_NAME = "$(TARGET_NAME)";
				SWIFT_VERSION = 5.0;
				TARGETED_DEVICE_FAMILY = "1,2";
				TEST_TARGET_NAME = SwiftUIInVC;
			};
			name = Debug;
		};
		D013BC5324F74ABF004F7E88 /* Release */ = {
			isa = XCBuildConfiguration;
			buildSettings = {
				ALWAYS_EMBED_SWIFT_STANDARD_LIBRARIES = YES;
				CODE_SIGN_STYLE = Automatic;
				INFOPLIST_FILE = SwiftUIInVCUITests/Info.plist;
				LD_RUNPATH_SEARCH_PATHS = (
					"$(inherited)",
					"@executable_path/Frameworks",
					"@loader_path/Frameworks",
				);
				PRODUCT_BUNDLE_IDENTIFIER = co.justintimes.SwiftUIInVCUITests;
				PRODUCT_NAME = "$(TARGET_NAME)";
				SWIFT_VERSION = 5.0;
				TARGETED_DEVICE_FAMILY = "1,2";
				TEST_TARGET_NAME = SwiftUIInVC;
			};
			name = Release;
		};
/* End XCBuildConfiguration section */

/* Begin XCConfigurationList section */
		D013BC1C24F74ABE004F7E88 /* Build configuration list for PBXProject "SwiftUIInVC" */ = {
			isa = XCConfigurationList;
			buildConfigurations = (
				D013BC4924F74ABF004F7E88 /* Debug */,
				D013BC4A24F74ABF004F7E88 /* Release */,
			);
			defaultConfigurationIsVisible = 0;
			defaultConfigurationName = Release;
		};
		D013BC4B24F74ABF004F7E88 /* Build configuration list for PBXNativeTarget "SwiftUIInVC" */ = {
			isa = XCConfigurationList;
			buildConfigurations = (
				D013BC4C24F74ABF004F7E88 /* Debug */,
				D013BC4D24F74ABF004F7E88 /* Release */,
			);
			defaultConfigurationIsVisible = 0;
			defaultConfigurationName = Release;
		};
		D013BC4E24F74ABF004F7E88 /* Build configuration list for PBXNativeTarget "SwiftUIInVCTests" */ = {
			isa = XCConfigurationList;
			buildConfigurations = (
				D013BC4F24F74ABF004F7E88 /* Debug */,
				D013BC5024F74ABF004F7E88 /* Release */,
			);
			defaultConfigurationIsVisible = 0;
			defaultConfigurationName = Release;
		};
		D013BC5124F74ABF004F7E88 /* Build configuration list for PBXNativeTarget "SwiftUIInVCUITests" */ = {
			isa = XCConfigurationList;
			buildConfigurations = (
				D013BC5224F74ABF004F7E88 /* Debug */,
				D013BC5324F74ABF004F7E88 /* Release */,
			);
			defaultConfigurationIsVisible = 0;
			defaultConfigurationName = Release;
		};
/* End XCConfigurationList section */
	};
	rootObject = D013BC1924F74ABE004F7E88 /* Project object */;
}
